
Microsoft Visual Studio Solution File, Format Version 12.00
# Visual Studio 15
VisualStudioVersion = 15.0.27130.2027
MinimumVisualStudioVersion = 10.0.40219.1
Project("{FAE04EC0-301F-11D3-BF4B-00C04F79EFBC}") = "OneTryOfCore", "OneTryOfCore\OneTryOfCore.csproj", "{DD516116-2B39-4CF1-B7D3-EF38FC1EF6C9}"
EndProject
Project("{FAE04EC0-301F-11D3-BF4B-00C04F79EFBC}") = "TestOfLib", "ClassLibrary1\TestOfLib.csproj", "{F8C06DFB-75F8-432C-8CBD-BED76652F49D}"
EndProject
Project("{FAE04EC0-301F-11D3-BF4B-00C04F79EFBC}") = "ConsoleApp1", "ConsoleApp1\ConsoleApp1.csproj", "{FA172553-D788-4131-AD1E-08B922EC7E94}"
EndProject
Global
	GlobalSection(SolutionConfigurationPlatforms) = preSolution
		Debug|Any CPU = Debug|Any CPU
		Release|Any CPU = Release|Any CPU
	EndGlobalSection
	GlobalSection(ProjectConfigurationPlatforms) = postSolution
		{DD516116-2B39-4CF1-B7D3-EF38FC1EF6C9}.Debug|Any CPU.ActiveCfg = Debug|Any CPU
		{DD516116-2B39-4CF1-B7D3-EF38FC1EF6C9}.Debug|Any CPU.Build.0 = Debug|Any CPU
		{DD516116-2B39-4CF1-B7D3-EF38FC1EF6C9}.Release|Any CPU.ActiveCfg = Release|Any CPU
		{DD516116-2B39-4CF1-B7D3-EF38FC1EF6C9}.Release|Any CPU.Build.0 = Release|Any CPU
		{F8C06DFB-75F8-432C-8CBD-BED76652F49D}.Debug|Any CPU.ActiveCfg = Debug|Any CPU
		{F8C06DFB-75F8-432C-8CBD-BED76652F49D}.Debug|Any CPU.Build.0 = Debug|Any CPU
		{F8C06DFB-75F8-432C-8CBD-BED76652F49D}.Release|Any CPU.ActiveCfg = Release|Any CPU
		{F8C06DFB-75F8-432C-8CBD-BED76652F49D}.Release|Any CPU.Build.0 = Release|Any CPU
		{FA172553-D788-4131-AD1E-08B922EC7E94}.Debug|Any CPU.ActiveCfg = Debug|Any CPU
		{FA172553-D788-4131-AD1E-08B922EC7E94}.Debug|Any CPU.Build.0 = Debug|Any CPU
		{FA172553-D788-4131-AD1E-08B922EC7E94}.Release|Any CPU.ActiveCfg = Release|Any CPU
		{FA172553-D788-4131-AD1E-08B922EC7E94}.Release|Any CPU.Build.0 = Release|Any CPU
	EndGlobalSection
	GlobalSection(SolutionProperties) = preSolution
		HideSolutionNode = FALSE
	EndGlobalSection
	GlobalSection(ExtensibilityGlobals) = postSolution
		SolutionGuid = {EF8EBE25-2214-4551-96CA-8094DCF0F163}
	EndGlobalSection
EndGlobal
