
Microsoft Visual Studio Solution File, Format Version 12.00
# Visual Studio 15
VisualStudioVersion = 15.0.27130.2027
MinimumVisualStudioVersion = 10.0.40219.1
Project("{FAE04EC0-301F-11D3-BF4B-00C04F79EFBC}") = "StandardLibStr", "StandardLibStr\StandardLibStr.csproj", "{293D0820-AE67-455B-9B2A-16867CE434AB}"
EndProject
Global
	GlobalSection(SolutionConfigurationPlatforms) = preSolution
		Debug|Any CPU = Debug|Any CPU
		Release|Any CPU = Release|Any CPU
	EndGlobalSection
	GlobalSection(ProjectConfigurationPlatforms) = postSolution
		{293D0820-AE67-455B-9B2A-16867CE434AB}.Debug|Any CPU.ActiveCfg = Debug|Any CPU
		{293D0820-AE67-455B-9B2A-16867CE434AB}.Debug|Any CPU.Build.0 = Debug|Any CPU
		{293D0820-AE67-455B-9B2A-16867CE434AB}.Release|Any CPU.ActiveCfg = Release|Any CPU
		{293D0820-AE67-455B-9B2A-16867CE434AB}.Release|Any CPU.Build.0 = Release|Any CPU
	EndGlobalSection
	GlobalSection(SolutionProperties) = preSolution
		HideSolutionNode = FALSE
	EndGlobalSection
	GlobalSection(ExtensibilityGlobals) = postSolution
		SolutionGuid = {1A8A80AA-8DA6-4DE0-BD3B-250435B3DDFC}
	EndGlobalSection
EndGlobal
